
Microsoft Visual Studio Solution File, Format Version 12.00
# Visual Studio 15
VisualStudioVersion = 15.0.26228.12
MinimumVisualStudioVersion = 10.0.40219.1
Project("{FAE04EC0-301F-11D3-BF4B-00C04F79EFBC}") = "Academike.Web", "Academike.Web\Academike.Web.csproj", "{6C9C410A-D54E-4415-9046-B3FD693AD8B7}"
EndProject
Project("{FAE04EC0-301F-11D3-BF4B-00C04F79EFBC}") = "IkeCode.Data", "IkeCode.Data\IkeCode.Data.csproj", "{FE5A8A69-A702-4795-A750-35112C7E46C3}"
EndProject
Global
	GlobalSection(SolutionConfigurationPlatforms) = preSolution
		Debug|Any CPU = Debug|Any CPU
		Release|Any CPU = Release|Any CPU
	EndGlobalSection
	GlobalSection(ProjectConfigurationPlatforms) = postSolution
		{6C9C410A-D54E-4415-9046-B3FD693AD8B7}.Debug|Any CPU.ActiveCfg = Debug|Any CPU
		{6C9C410A-D54E-4415-9046-B3FD693AD8B7}.Debug|Any CPU.Build.0 = Debug|Any CPU
		{6C9C410A-D54E-4415-9046-B3FD693AD8B7}.Release|Any CPU.ActiveCfg = Release|Any CPU
		{6C9C410A-D54E-4415-9046-B3FD693AD8B7}.Release|Any CPU.Build.0 = Release|Any CPU
		{FE5A8A69-A702-4795-A750-35112C7E46C3}.Debug|Any CPU.ActiveCfg = Debug|Any CPU
		{FE5A8A69-A702-4795-A750-35112C7E46C3}.Debug|Any CPU.Build.0 = Debug|Any CPU
		{FE5A8A69-A702-4795-A750-35112C7E46C3}.Release|Any CPU.ActiveCfg = Release|Any CPU
		{FE5A8A69-A702-4795-A750-35112C7E46C3}.Release|Any CPU.Build.0 = Release|Any CPU
	EndGlobalSection
	GlobalSection(SolutionProperties) = preSolution
		HideSolutionNode = FALSE
	EndGlobalSection
EndGlobal
